Microsoft Visual Studio Solution File, Format Version 12.00
# Visual Studio 2012
Project("{FAE04EC0-301F-11D3-BF4B-00C04F79EFBC}") = "Snakes", "Snakes.csproj", "{AD31A227-C693-4F1B-841F-E8AAEEFF6BA8}"
EndProject
Global
	GlobalSection(SolutionConfigurationPlatforms) = preSolution
	Debug|Any CPU = Debug|Any CPU
	ExportDebug|Any CPU = ExportDebug|Any CPU
	ExportRelease|Any CPU = ExportRelease|Any CPU
	EndGlobalSection
	GlobalSection(ProjectConfigurationPlatforms) = postSolution
		{AD31A227-C693-4F1B-841F-E8AAEEFF6BA8}.Debug|Any CPU.ActiveCfg = Debug|Any CPU
		{AD31A227-C693-4F1B-841F-E8AAEEFF6BA8}.Debug|Any CPU.Build.0 = Debug|Any CPU
		{AD31A227-C693-4F1B-841F-E8AAEEFF6BA8}.ExportDebug|Any CPU.ActiveCfg = ExportDebug|Any CPU
		{AD31A227-C693-4F1B-841F-E8AAEEFF6BA8}.ExportDebug|Any CPU.Build.0 = ExportDebug|Any CPU
		{AD31A227-C693-4F1B-841F-E8AAEEFF6BA8}.ExportRelease|Any CPU.ActiveCfg = ExportRelease|Any CPU
		{AD31A227-C693-4F1B-841F-E8AAEEFF6BA8}.ExportRelease|Any CPU.Build.0 = ExportRelease|Any CPU
	EndGlobalSection
EndGlobal
